Microsoft Visual Studio Solution File, Format Version 12.00
# Visual Studio Version 17
VisualStudioVersion = 17.5.2.0
MinimumVisualStudioVersion = 10.0.40219.1
Project("{2150E333-8FDC-42A3-9474-1A3956D46DE8}") = "copilotkit-src", "copilotkit-src", "{205F3208-26F7-8327-33C4-2CC27890E061}"
EndProject
Project("{2150E333-8FDC-42A3-9474-1A3956D46DE8}") = "examples", "examples", "{247C84B2-180A-66CF-1BCB-7B677C5B1052}"
EndProject
Project("{2150E333-8FDC-42A3-9474-1A3956D46DE8}") = "integrations", "integrations", "{55444FC8-DD6C-C9F7-F47B-E742E28FCCA8}"
EndProject
Project("{2150E333-8FDC-42A3-9474-1A3956D46DE8}") = "ms-agent-framework-dotnet", "ms-agent-framework-dotnet", "{853804C5-A831-6848-C944-FCE1FBEF413E}"
EndProject
Project("{2150E333-8FDC-42A3-9474-1A3956D46DE8}") = "agent", "agent", "{460F13F0-4AFB-C67E-0E7D-3CCB16AD51D4}"
EndProject
Project("{FAE04EC0-301F-11D3-BF4B-00C04F79EFBC}") = "ProverbsAgent", "copilotkit-src\examples\integrations\ms-agent-framework-dotnet\agent\ProverbsAgent.csproj", "{8D13D37A-523F-8263-E99E-687DBF47C55E}"
EndProject
Project("{2150E333-8FDC-42A3-9474-1A3956D46DE8}") = "showcases", "showcases", "{C56EE806-BD2A-8A6E-7B11-9A2C3E81F338}"
EndProject
Project("{2150E333-8FDC-42A3-9474-1A3956D46DE8}") = "microsoft-kanban", "microsoft-kanban", "{0FCBCA76-F744-2C38-FA34-93F9DA89D0ED}"
EndProject
Project("{2150E333-8FDC-42A3-9474-1A3956D46DE8}") = "agent", "agent", "{01E44306-1AF6-8281-355F-14289117726C}"
EndProject
Project("{FAE04EC0-301F-11D3-BF4B-00C04F79EFBC}") = "ProverbsAgent", "copilotkit-src\examples\showcases\microsoft-kanban\agent\ProverbsAgent.csproj", "{60C07E3E-D616-E6D8-137C-D15C04FE1E4B}"
EndProject
Project("{2150E333-8FDC-42A3-9474-1A3956D46DE8}") = "showcase", "showcase", "{9BC97D4C-2A97-A25B-FBD0-C7C6285B9357}"
EndProject
Project("{2150E333-8FDC-42A3-9474-1A3956D46DE8}") = "packages", "packages", "{0ED25F55-FF1D-BA2A-3040-BB6F30A4FD6C}"
EndProject
Project("{2150E333-8FDC-42A3-9474-1A3956D46DE8}") = "ms-agent-dotnet", "ms-agent-dotnet", "{FA2571F7-8B37-AA20-E1F1-EB6CE0F0AFA1}"
EndProject
Project("{2150E333-8FDC-42A3-9474-1A3956D46DE8}") = "agent", "agent", "{B35319EF-6432-826F-27A7-53D0EB9C7001}"
EndProject
Project("{FAE04EC0-301F-11D3-BF4B-00C04F79EFBC}") = "ProverbsAgent", "copilotkit-src\showcase\packages\ms-agent-dotnet\agent\ProverbsAgent.csproj", "{2B87B882-C27C-88E2-509D-217CA9DFB4B1}"
EndProject
Project("{2150E333-8FDC-42A3-9474-1A3956D46DE8}") = "starters", "starters", "{D8B97A67-E22B-4F76-B60C-D571081B4E8B}"
EndProject
Project("{2150E333-8FDC-42A3-9474-1A3956D46DE8}") = "ms-agent-dotnet", "ms-agent-dotnet", "{FF95E8F9-54F2-3B56-E09A-DA7C9A5DC3FE}"
EndProject
Project("{2150E333-8FDC-42A3-9474-1A3956D46DE8}") = "agent", "agent", "{ABAAA0BE-C700-1D82-AE46-D3D30099E7E1}"
EndProject
Project("{FAE04EC0-301F-11D3-BF4B-00C04F79EFBC}") = "ProverbsAgent", "copilotkit-src\showcase\starters\ms-agent-dotnet\agent\ProverbsAgent.csproj", "{072F8E47-E376-BBA8-F95B-A5587FF3B8B1}"
EndProject
Project("{2150E333-8FDC-42A3-9474-1A3956D46DE8}") = "tests", "tests", "{CBF157A7-F093-CE5C-3A30-8F52BCACAADD}"
EndProject
Project("{FAE04EC0-301F-11D3-BF4B-00C04F79EFBC}") = "SharedStateAgent.Tests", "copilotkit-src\showcase\packages\ms-agent-dotnet\agent\tests\SharedStateAgent.Tests.csproj", "{B2742AC9-0A24-33B7-7AAD-F71A08B46C5D}"
EndProject
Project("{2150E333-8FDC-42A3-9474-1A3956D46DE8}") = "tests", "tests", "{9E53F6BE-1E19-FFE8-463F-C15ED1ADCB6F}"
EndProject
Project("{FAE04EC0-301F-11D3-BF4B-00C04F79EFBC}") = "SharedStateAgent.Tests", "copilotkit-src\showcase\starters\ms-agent-dotnet\agent\tests\SharedStateAgent.Tests.csproj", "{8E19AAFD-5817-4513-2B8F-E9B26CCC0BE3}"
EndProject
Global
	GlobalSection(SolutionConfigurationPlatforms) = preSolution
		Debug|Any CPU = Debug|Any CPU
		Release|Any CPU = Release|Any CPU
	EndGlobalSection
	GlobalSection(ProjectConfigurationPlatforms) = postSolution
		{8D13D37A-523F-8263-E99E-687DBF47C55E}.Debug|Any CPU.ActiveCfg = Debug|Any CPU
		{8D13D37A-523F-8263-E99E-687DBF47C55E}.Debug|Any CPU.Build.0 = Debug|Any CPU
		{8D13D37A-523F-8263-E99E-687DBF47C55E}.Release|Any CPU.ActiveCfg = Release|Any CPU
		{8D13D37A-523F-8263-E99E-687DBF47C55E}.Release|Any CPU.Build.0 = Release|Any CPU
		{60C07E3E-D616-E6D8-137C-D15C04FE1E4B}.Debug|Any CPU.ActiveCfg = Debug|Any CPU
		{60C07E3E-D616-E6D8-137C-D15C04FE1E4B}.Debug|Any CPU.Build.0 = Debug|Any CPU
		{60C07E3E-D616-E6D8-137C-D15C04FE1E4B}.Release|Any CPU.ActiveCfg = Release|Any CPU
		{60C07E3E-D616-E6D8-137C-D15C04FE1E4B}.Release|Any CPU.Build.0 = Release|Any CPU
		{2B87B882-C27C-88E2-509D-217CA9DFB4B1}.Debug|Any CPU.ActiveCfg = Debug|Any CPU
		{2B87B882-C27C-88E2-509D-217CA9DFB4B1}.Debug|Any CPU.Build.0 = Debug|Any CPU
		{2B87B882-C27C-88E2-509D-217CA9DFB4B1}.Release|Any CPU.ActiveCfg = Release|Any CPU
		{2B87B882-C27C-88E2-509D-217CA9DFB4B1}.Release|Any CPU.Build.0 = Release|Any CPU
		{072F8E47-E376-BBA8-F95B-A5587FF3B8B1}.Debug|Any CPU.ActiveCfg = Debug|Any CPU
		{072F8E47-E376-BBA8-F95B-A5587FF3B8B1}.Debug|Any CPU.Build.0 = Debug|Any CPU
		{072F8E47-E376-BBA8-F95B-A5587FF3B8B1}.Release|Any CPU.ActiveCfg = Release|Any CPU
		{072F8E47-E376-BBA8-F95B-A5587FF3B8B1}.Release|Any CPU.Build.0 = Release|Any CPU
		{B2742AC9-0A24-33B7-7AAD-F71A08B46C5D}.Debug|Any CPU.ActiveCfg = Debug|Any CPU
		{B2742AC9-0A24-33B7-7AAD-F71A08B46C5D}.Debug|Any CPU.Build.0 = Debug|Any CPU
		{B2742AC9-0A24-33B7-7AAD-F71A08B46C5D}.Release|Any CPU.ActiveCfg = Release|Any CPU
		{B2742AC9-0A24-33B7-7AAD-F71A08B46C5D}.Release|Any CPU.Build.0 = Release|Any CPU
		{8E19AAFD-5817-4513-2B8F-E9B26CCC0BE3}.Debug|Any CPU.ActiveCfg = Debug|Any CPU
		{8E19AAFD-5817-4513-2B8F-E9B26CCC0BE3}.Debug|Any CPU.Build.0 = Debug|Any CPU
		{8E19AAFD-5817-4513-2B8F-E9B26CCC0BE3}.Release|Any CPU.ActiveCfg = Release|Any CPU
		{8E19AAFD-5817-4513-2B8F-E9B26CCC0BE3}.Release|Any CPU.Build.0 = Release|Any CPU
	EndGlobalSection
	GlobalSection(SolutionProperties) = preSolution
		HideSolutionNode = FALSE
	EndGlobalSection
	GlobalSection(NestedProjects) = preSolution
		{247C84B2-180A-66CF-1BCB-7B677C5B1052} = {205F3208-26F7-8327-33C4-2CC27890E061}
		{55444FC8-DD6C-C9F7-F47B-E742E28FCCA8} = {247C84B2-180A-66CF-1BCB-7B677C5B1052}
		{853804C5-A831-6848-C944-FCE1FBEF413E} = {55444FC8-DD6C-C9F7-F47B-E742E28FCCA8}
		{460F13F0-4AFB-C67E-0E7D-3CCB16AD51D4} = {853804C5-A831-6848-C944-FCE1FBEF413E}
		{8D13D37A-523F-8263-E99E-687DBF47C55E} = {460F13F0-4AFB-C67E-0E7D-3CCB16AD51D4}
		{C56EE806-BD2A-8A6E-7B11-9A2C3E81F338} = {247C84B2-180A-66CF-1BCB-7B677C5B1052}
		{0FCBCA76-F744-2C38-FA34-93F9DA89D0ED} = {C56EE806-BD2A-8A6E-7B11-9A2C3E81F338}
		{01E44306-1AF6-8281-355F-14289117726C} = {0FCBCA76-F744-2C38-FA34-93F9DA89D0ED}
		{60C07E3E-D616-E6D8-137C-D15C04FE1E4B} = {01E44306-1AF6-8281-355F-14289117726C}
		{9BC97D4C-2A97-A25B-FBD0-C7C6285B9357} = {205F3208-26F7-8327-33C4-2CC27890E061}
		{0ED25F55-FF1D-BA2A-3040-BB6F30A4FD6C} = {9BC97D4C-2A97-A25B-FBD0-C7C6285B9357}
		{FA2571F7-8B37-AA20-E1F1-EB6CE0F0AFA1} = {0ED25F55-FF1D-BA2A-3040-BB6F30A4FD6C}
		{B35319EF-6432-826F-27A7-53D0EB9C7001} = {FA2571F7-8B37-AA20-E1F1-EB6CE0F0AFA1}
		{2B87B882-C27C-88E2-509D-217CA9DFB4B1} = {B35319EF-6432-826F-27A7-53D0EB9C7001}
		{D8B97A67-E22B-4F76-B60C-D571081B4E8B} = {9BC97D4C-2A97-A25B-FBD0-C7C6285B9357}
		{FF95E8F9-54F2-3B56-E09A-DA7C9A5DC3FE} = {D8B97A67-E22B-4F76-B60C-D571081B4E8B}
		{ABAAA0BE-C700-1D82-AE46-D3D30099E7E1} = {FF95E8F9-54F2-3B56-E09A-DA7C9A5DC3FE}
		{072F8E47-E376-BBA8-F95B-A5587FF3B8B1} = {ABAAA0BE-C700-1D82-AE46-D3D30099E7E1}
		{CBF157A7-F093-CE5C-3A30-8F52BCACAADD} = {B35319EF-6432-826F-27A7-53D0EB9C7001}
		{B2742AC9-0A24-33B7-7AAD-F71A08B46C5D} = {CBF157A7-F093-CE5C-3A30-8F52BCACAADD}
		{9E53F6BE-1E19-FFE8-463F-C15ED1ADCB6F} = {ABAAA0BE-C700-1D82-AE46-D3D30099E7E1}
		{8E19AAFD-5817-4513-2B8F-E9B26CCC0BE3} = {9E53F6BE-1E19-FFE8-463F-C15ED1ADCB6F}
	EndGlobalSection
	GlobalSection(ExtensibilityGlobals) = postSolution
		SolutionGuid = {DB762A16-8EC5-4A24-BD36-35672C6FFED9}
	EndGlobalSection
EndGlobal
